
Microsoft Visual Studio Solution File, Format Version 12.00
# Visual Studio 15
VisualStudioVersion = 15.0.27428.2037
MinimumVisualStudioVersion = 10.0.40219.1
Project("{FAE04EC0-301F-11D3-BF4B-00C04F79EFBC}") = "SfBtool", "SfBtool\SfBtool.csproj", "{7CDFDBC3-D705-4DFA-AEAF-5CE88E190640}"
EndProject
Global
	GlobalSection(SolutionConfigurationPlatforms) = preSolution
		Debug|Any CPU = Debug|Any CPU
		Release|Any CPU = Release|Any CPU
	EndGlobalSection
	GlobalSection(ProjectConfigurationPlatforms) = postSolution
		{7CDFDBC3-D705-4DFA-AEAF-5CE88E190640}.Debug|Any CPU.ActiveCfg = Debug|Any CPU
		{7CDFDBC3-D705-4DFA-AEAF-5CE88E190640}.Debug|Any CPU.Build.0 = Debug|Any CPU
		{7CDFDBC3-D705-4DFA-AEAF-5CE88E190640}.Release|Any CPU.ActiveCfg = Release|Any CPU
		{7CDFDBC3-D705-4DFA-AEAF-5CE88E190640}.Release|Any CPU.Build.0 = Release|Any CPU
	EndGlobalSection
	GlobalSection(SolutionProperties) = preSolution
		HideSolutionNode = FALSE
	EndGlobalSection
	GlobalSection(ExtensibilityGlobals) = postSolution
		SolutionGuid = {F43BB57E-52EC-4F34-AF1D-5793D7D15363}
	EndGlobalSection
EndGlobal
